
Microsoft Visual Studio Solution File, Format Version 12.00
# Visual Studio Version 16
VisualStudioVersion = 16.0.30523.141
MinimumVisualStudioVersion = 10.0.40219.1
Project("{FAE04EC0-301F-11D3-BF4B-00C04F79EFBC}") = "OOP-TRAINING", "OOP-TRAINING\OOP-TRAINING.csproj", "{F357228C-581B-46EE-AAA7-C2B869B401D7}"
EndProject
Global
	GlobalSection(SolutionConfigurationPlatforms) = preSolution
		Debug|Any CPU = Debug|Any CPU
		Release|Any CPU = Release|Any CPU
	EndGlobalSection
	GlobalSection(ProjectConfigurationPlatforms) = postSolution
		{F357228C-581B-46EE-AAA7-C2B869B401D7}.Debug|Any CPU.ActiveCfg = Debug|Any CPU
		{F357228C-581B-46EE-AAA7-C2B869B401D7}.Debug|Any CPU.Build.0 = Debug|Any CPU
		{F357228C-581B-46EE-AAA7-C2B869B401D7}.Release|Any CPU.ActiveCfg = Release|Any CPU
		{F357228C-581B-46EE-AAA7-C2B869B401D7}.Release|Any CPU.Build.0 = Release|Any CPU
	EndGlobalSection
	GlobalSection(SolutionProperties) = preSolution
		HideSolutionNode = FALSE
	EndGlobalSection
	GlobalSection(ExtensibilityGlobals) = postSolution
		SolutionGuid = {3274CB1B-BCC9-4A97-98CC-F87AAF880627}
	EndGlobalSection
EndGlobal
